
Microsoft Visual Studio Solution File, Format Version 12.00
# Visual Studio Version 16
VisualStudioVersion = 16.0.31205.134
MinimumVisualStudioVersion = 10.0.40219.1
Project("{2150E333-8FDC-42A3-9474-1A3956D46DE8}") = "src", "src", "{E2F0E991-713A-4EF7-A041-8CCC7AF7372F}"
EndProject
Project("{2150E333-8FDC-42A3-9474-1A3956D46DE8}") = "test", "test", "{C69DCDA8-529E-4779-9690-C4DB31A57DBC}"
EndProject
Project("{9A19103F-16F7-4668-BE54-9A1E7A4F7556}") = "Helix.Bot", "Helix.Bot\Helix.Bot.csproj", "{64313492-12D9-408B-B816-653C008EEF4D}"
EndProject
Project("{9A19103F-16F7-4668-BE54-9A1E7A4F7556}") = "Helix.Module.Reminder", "Helix.Module.Reminder\Helix.Module.Reminder.csproj", "{53CA6897-0DF8-40FC-9A49-2D9A406F2E1E}"
EndProject
Project("{FAE04EC0-301F-11D3-BF4B-00C04F79EFBC}") = "Helix.Domain", "Helix.Domain\Helix.Domain.csproj", "{0DFAB252-1726-499E-9FA7-5755AF0D6B4F}"
EndProject
Project("{FAE04EC0-301F-11D3-BF4B-00C04F79EFBC}") = "Helix.Core", "Helix.Core\Helix.Core.csproj", "{F710130F-5BE0-4CAE-927F-4BD4FC719780}"
EndProject
Project("{FAE04EC0-301F-11D3-BF4B-00C04F79EFBC}") = "Helix.Core.Test", "Helix.Core.Test\Helix.Core.Test.csproj", "{60596090-0338-48A6-976A-CBA2E7E31E37}"
EndProject
Global
	GlobalSection(SolutionConfigurationPlatforms) = preSolution
		Debug|Any CPU = Debug|Any CPU
		Release|Any CPU = Release|Any CPU
	EndGlobalSection
	GlobalSection(ProjectConfigurationPlatforms) = postSolution
		{64313492-12D9-408B-B816-653C008EEF4D}.Debug|Any CPU.ActiveCfg = Debug|Any CPU
		{64313492-12D9-408B-B816-653C008EEF4D}.Debug|Any CPU.Build.0 = Debug|Any CPU
		{64313492-12D9-408B-B816-653C008EEF4D}.Release|Any CPU.ActiveCfg = Release|Any CPU
		{64313492-12D9-408B-B816-653C008EEF4D}.Release|Any CPU.Build.0 = Release|Any CPU
		{53CA6897-0DF8-40FC-9A49-2D9A406F2E1E}.Debug|Any CPU.ActiveCfg = Debug|Any CPU
		{53CA6897-0DF8-40FC-9A49-2D9A406F2E1E}.Debug|Any CPU.Build.0 = Debug|Any CPU
		{53CA6897-0DF8-40FC-9A49-2D9A406F2E1E}.Release|Any CPU.ActiveCfg = Release|Any CPU
		{53CA6897-0DF8-40FC-9A49-2D9A406F2E1E}.Release|Any CPU.Build.0 = Release|Any CPU
		{0DFAB252-1726-499E-9FA7-5755AF0D6B4F}.Debug|Any CPU.ActiveCfg = Debug|Any CPU
		{0DFAB252-1726-499E-9FA7-5755AF0D6B4F}.Debug|Any CPU.Build.0 = Debug|Any CPU
		{0DFAB252-1726-499E-9FA7-5755AF0D6B4F}.Release|Any CPU.ActiveCfg = Release|Any CPU
		{0DFAB252-1726-499E-9FA7-5755AF0D6B4F}.Release|Any CPU.Build.0 = Release|Any CPU
		{F710130F-5BE0-4CAE-927F-4BD4FC719780}.Debug|Any CPU.ActiveCfg = Debug|Any CPU
		{F710130F-5BE0-4CAE-927F-4BD4FC719780}.Debug|Any CPU.Build.0 = Debug|Any CPU
		{F710130F-5BE0-4CAE-927F-4BD4FC719780}.Release|Any CPU.ActiveCfg = Release|Any CPU
		{F710130F-5BE0-4CAE-927F-4BD4FC719780}.Release|Any CPU.Build.0 = Release|Any CPU
		{60596090-0338-48A6-976A-CBA2E7E31E37}.Debug|Any CPU.ActiveCfg = Debug|Any CPU
		{60596090-0338-48A6-976A-CBA2E7E31E37}.Debug|Any CPU.Build.0 = Debug|Any CPU
		{60596090-0338-48A6-976A-CBA2E7E31E37}.Release|Any CPU.ActiveCfg = Release|Any CPU
		{60596090-0338-48A6-976A-CBA2E7E31E37}.Release|Any CPU.Build.0 = Release|Any CPU
	EndGlobalSection
	GlobalSection(SolutionProperties) = preSolution
		HideSolutionNode = FALSE
	EndGlobalSection
	GlobalSection(NestedProjects) = preSolution
		{64313492-12D9-408B-B816-653C008EEF4D} = {E2F0E991-713A-4EF7-A041-8CCC7AF7372F}
		{53CA6897-0DF8-40FC-9A49-2D9A406F2E1E} = {E2F0E991-713A-4EF7-A041-8CCC7AF7372F}
		{0DFAB252-1726-499E-9FA7-5755AF0D6B4F} = {E2F0E991-713A-4EF7-A041-8CCC7AF7372F}
		{F710130F-5BE0-4CAE-927F-4BD4FC719780} = {E2F0E991-713A-4EF7-A041-8CCC7AF7372F}
		{60596090-0338-48A6-976A-CBA2E7E31E37} = {C69DCDA8-529E-4779-9690-C4DB31A57DBC}
	EndGlobalSection
	GlobalSection(ExtensibilityGlobals) = postSolution
		SolutionGuid = {A4250C8B-B187-4800-B915-10C9C2EFFBB1}
	EndGlobalSection
EndGlobal
